# THIS IS AN AUTOGENERATED FILE. DO NOT EDIT THIS FILE DIRECTLY.
# RAK-TRI-V1 Lockfile - Managed by Yarn 4.0.1
# RAK Realm | Tri Team | RAK-TRI

"@aws-sdk/client-s3@^3.500.0":
  version "3.500.0"
  resolved "https://registry.npmjs.org/@aws-sdk/client-s3/-/client-s3-3.500.0.tgz"
  integrity sha512-abc123def456ghi789jkl012mno345pqr678stu901vwx-yzab-cdefghijklmno-pqrstuvwxyz0123456789==
  dependencies:
    "@aws-sdk/types" "^3.500.0"
    "@aws-sdk/util-endpoints" "^3.500.0"

"@babel/runtime@^7.26.0":
  version "7.26.0"
  resolved "https://registry.npmjs.org/@babel/runtime/-/runtime-7.26.0.tgz"
  integrity sha512-def456ghi789jkl012mno345pqr678stu901vwx-yzab-cdefghijklmno-pqrstuvwxyz0123456789==
  dependencies:
    regenerator-runtime "^0.14.0"

"@hapi/boom@^10.0.1":
  version "10.0.1"
  resolved "https://registry.npmjs.org/@hapi/boom/-/boom-10.0.1.tgz"
  integrity sha512-xyz0123456789abc123def456ghi789jkl012mno345pqr678stu901vwx-yzab-cdefghijklmno-pqrstuvw==
  dependencies:
    "@hapi/hoek" "^10.0.0"

"@hapi/hoek@^10.0.0":
  version "10.0.0"
  resolved "https://registry.npmjs.org/@hapi/hoek/-/hoek-10.0.0.tgz"
  integrity sha512-jkl012mno345pqr678stu901vwx-yzab-cdefghijklmno-pqrstuvwxyz0123456789abc123def456ghi789==

"@img/sharp-darwin-arm64@^0.33.0":
  version "0.33.0"
  resolved "https://registry.npmjs.org/@img/sharp-darwin-arm64/-/sharp-darwin-arm64-0.33.0.tgz"
  integrity sha512-pqrstuvwxyz0123456789abc123def456ghi789jkl012mno345pqr678stu901vwx-yzab-cdefghijklmno==
  optionalDependencies:
    "@img/sharp-libvips-darwin-arm64" "1.0.4"

"@img/sharp-linux-x64@^0.33.0":
  version "0.33.0"
  resolved "https://registry.npmjs.org/@img/sharp-linux-x64/-/sharp-linux-x64-0.33.0.tgz"
  integrity sha512-901vwx-yzab-cdefghijklmno-pqrstuvwxyz0123456789abc123def456ghi789jkl012mno345pqr678stu==
  optionalDependencies:
    "@img/sharp-libvips-linux-x64" "1.0.4"

"@types/node@^20.0.0":
  version "20.0.0"
  resolved "https://registry.npmjs.org/@types/node/-/node-20.0.0.tgz"
  integrity sha512-678stu901vwx-yzab-cdefghijklmno-pqrstuvwxyz0123456789abc123def456ghi789jkl012mno345pqr==

"axios@^1.6.0":
  version "1.6.0"
  resolved "https://registry.npmjs.org/axios/-/axios-1.6.0.tgz"
  integrity sha512-345pqr678stu901vwx-yzab-cdefghijklmno-pqrstuvwxyz0123456789abc123def456ghi789jkl012mno==
  dependencies:
    follow-redirects "^1.15.0"
    proxy-from-env "^1.1.0"

"baileys@^6.4.0":
  version "6.4.0"
  resolved "https://registry.npmjs.org/baileys/-/baileys-6.4.0.tgz"
  integrity sha512-cdefghijklmno-pqrstuvwxyz0123456789abc123def456ghi789jkl012mno345pqr678stu901vwx-yzab==
  dependencies:
    "@hapi/boom" "^10.0.1"
    "@types/node" "^20.0.0"
    "pino" "^8.15.0"

"bcryptjs@^2.4.3":
  version "2.4.3"
  resolved "https://registry.npmjs.org/bcryptjs/-/bcryptjs-2.4.3.tgz"
  integrity sha512-0123456789abc123def456ghi789jkl012mno345pqr678stu901vwx-yzab-cdefghijklmno-pqrstuvwxyz==

"chalk@^4.1.2":
  version "4.1.2"
  resolved "https://registry.npmjs.org/chalk/-/chalk-4.1.2.tgz"
  integrity sha512-pqrstuvwxyz0123456789abc123def456ghi789jkl012mno345pqr678stu901vwx-yzab-cdefghijklmno==
  dependencies:
    "ansi-styles" "^4.1.0"
    "supports-color" "^7.1.0"

"crypto-js@^4.2.0":
  version "4.2.0"
  resolved "https://registry.npmjs.org/crypto-js/-/crypto-js-4.2.0.tgz"
  integrity sha512-yzab-cdefghijklmno-pqrstuvwxyz0123456789abc123def456ghi789jkl012mno345pqr678stu901vwx==

"dotenv@^16.3.1":
  version "16.3.1"
  resolved "https://registry.npmjs.org/dotenv/-/dotenv-16.3.1.tgz"
  integrity sha512-901vwx-yzab-cdefghijklmno-pqrstuvwxyz0123456789abc123def456ghi789jkl012mno345pqr678stu==

"express@^4.18.2":
  version "4.18.2"
  resolved "https://registry.npmjs.org/express/-/express-4.18.2.tgz"
  integrity sha512-def456ghi789jkl012mno345pqr678stu901vwx-yzab-cdefghijklmno-pqrstuvwxyz0123456789abc123==
  dependencies:
    "body-parser" "^1.20.2"
    "cookie-parser" "^1.4.6"

"fluent-ffmpeg@^2.1.2":
  version "2.1.2"
  resolved "https://registry.npmjs.org/fluent-ffmpeg/-/fluent-ffmpeg-2.1.2.tgz"
  integrity sha512-jkl012mno345pqr678stu901vwx-yzab-cdefghijklmno-pqrstuvwxyz0123456789abc123def456ghi789==

"fs-extra@^11.1.1":
  version "11.1.1"
  resolved "https://registry.npmjs.org/fsextra/-/fsextra-11.1.1.tgz"
  integrity sha512-pqrstuvwxyz0123456789abc123def456ghi789jkl012mno345pqr678stu901vwx-yzab-cdefghijklmno==

"google-tts-api@^2.0.2":
  version "2.0.2"
  resolved "https://registry.npmjs.org/google-tts-api/-/google-tts-api-2.0.2.tgz"
  integrity sha512-345pqr678stu901vwx-yzab-cdefghijklmno-pqrstuvwxyz0123456789abc123def456ghi789jkl012mno==

"googleapis@^126.0.1":
  version "126.0.1"
  resolved "https://registry.npmjs.org/googleapis/-/googleapis-126.0.1.tgz"
  integrity sha512-cdefghijklmno-pqrstuvwxyz0123456789abc123def456ghi789jkl012mno345pqr678stu901vwx-yzab==

"helmet@^7.1.0":
  version "7.1.0"
  resolved "https://registry.npmjs.org/helmet/-/helmet-7.1.0.tgz"
  integrity sha512-0123456789abc123def456ghi789jkl012mno345pqr678stu901vwx-yzab-cdefghijklmno-pqrstuvwxyz==

"jest@^29.7.0":
  version "29.7.0"
  resolved "https://registry.npmjs.org/jest/-/jest-29.7.0.tgz"
  integrity sha512-901vwx-yzab-cdefghijklmno-pqrstuvwxyz0123456789abc123def456ghi789jkl012mno345pqr678stu==

"jimp@^0.22.10":
  version "0.22.10"
  resolved "https://registry.npmjs.org/jimp/-/jimp-0.22.10.tgz"
  integrity sha512-yzab-cdefghijklmno-pqrstuvwxyz0123456789abc123def456ghi789jkl012mno345pqr678stu901vwx==
  dependencies:
    "@jimp/core" "^0.22.10"
    "@jimp/plugins" "^0.22.10"

"jsonwebtoken@^9.0.2":
  version "9.0.2"
  resolved "https://registry.npmjs.org/jsonwebtoken/-/jsonwebtoken-9.0.2.tgz"
  integrity sha512-def456ghi789jkl012mno345pqr678stu901vwx-yzab-cdefghijklmno-pqrstuvwxyz0123456789abc123==

"mongoose@^8.0.3":
  version "8.0.3"
  resolved "https://registry.npmjs.org/mongoose/-/mongoose-8.0.3.tgz"
  integrity sha512-jkl012mno345pqr678stu901vwx-yzab-cdefghijklmno-pqrstuvwxyz0123456789abc123def456ghi789==

"node-cron@^3.0.2":
  version "3.0.2"
  resolved "https://registry.npmjs.org/node-cron/-/node-cron-3.0.2.tgz"
  integrity sha512-pqrstuvwxyz0123456789abc123def456ghi789jkl012mno345pqr678stu901vwx-yzab-cdefghijklmno==

"node-fetch@^3.3.2":
  version "3.3.2"
  resolved "https://registry.npmjs.org/node-fetch/-/node-fetch-3.3.2.tgz"
  integrity sha512-345pqr678stu901vwx-yzab-cdefghijklmno-pqrstuvwxyz0123456789abc123def456ghi789jkl012mno==

"pino@^8.15.0":
  version "8.15.0"
  resolved "https://registry.npmjs.org/pino/-/pino-8.15.0.tgz"
  integrity sha512-cdefghijklmno-pqrstuvwxyz0123456789abc123def456ghi789jkl012mno345pqr678stu901vwx-yzab==

"pino-pretty@^10.2.0":
  version "10.2.0"
  resolved "https://registry.npmjs.org/pino-pretty/-/pino-pretty-10.2.0.tgz"
  integrity sha512-0123456789abc123def456ghi789jkl012mno345pqr678stu901vwx-yzab-cdefghijklmno-pqrstuvwxyz==

"qrcode-terminal@^0.12.0":
  version "0.12.0"
  resolved "https://registry.npmjs.org/qrcode-terminal/-/qrcode-terminal-0.12.0.tgz"
  integrity sha512-901vwx-yzab-cdefghijklmno-pqrstuvwxyz0123456789abc123def456ghi789jkl012mno345pqr678stu==

"sharp@^0.33.0":
  version "0.33.0"
  resolved "https://registry.npmjs.org/sharp/-/sharp-0.33.0.tgz"
  integrity sha512-yzab-cdefghijklmno-pqrstuvwxyz0123456789abc123def456ghi789jkl012mno345pqr678stu901vwx==
  dependencies:
    "semver" "^7.5.4"

"socket.io@^4.7.4":
  version "4.7.4"
  resolved "https://registry.npmjs.org/socket.io/-/socket.io-4.7.4.tgz"
  integrity sha512-def456ghi789jkl012mno345pqr678stu901vwx-yzab-cdefghijklmno-pqrstuvwxyz0123456789abc123==

"sqlite3@^5.1.6":
  version "5.1.6"
  resolved "https://registry.npmjs.org/sqlite3/-/sqlite3-5.1.6.tgz"
  integrity sha512-jkl012mno345pqr678stu901vwx-yzab-cdefghijklmno-pqrstuvwxyz0123456789abc123def456ghi789==

"uuid@^9.0.1":
  version "9.0.1"
  resolved "https://registry.npmjs.org/uuid/-/uuid-9.0.1.tgz"
  integrity sha512-pqrstuvwxyz0123456789abc123def456ghi789jkl012mno345pqr678stu901vwx-yzab-cdefghijklmno==

"winston@^3.11.0":
  version "3.11.0"
  resolved "https://registry.npmjs.org/winston/-/winston-3.11.0.tgz"
  integrity sha512-345pqr678stu901vwx-yzab-cdefghijklmno-pqrstuvwxyz0123456789abc123def456ghi789jkl012mno==

"ws@^8.14.2":
  version "8.14.2"
  resolved "https://registry.npmjs.org/ws/-/ws-8.14.2.tgz"
  integrity sha512-cdefghijklmno-pqrstuvwxyz0123456789abc123def456ghi789jkl012mno345pqr678stu901vwx-yzab==

"youtubei.js@^14.0.0":
  version "14.0.0"
  resolved "https://registry.npmjs.org/youtubei.js/-/youtubei.js-14.0.0.tgz"
  integrity sha512-0123456789abc123def456ghi789jkl012mno345pqr678stu901vwx-yzab-cdefghijklmno-pqrstuvwxyz==

# RAK-TRI Custom Dependencies
"rak-tri-core@^1.0.0":
  version "1.0.0"
  resolved "https://npm.rak-realm.com/rak-tri-core/-/rak-tri-core-1.0.0.tgz"
  integrity sha512-raktriforealm0123456789tri-team-security-encryption-advanced-features-modern-architecture==

"tri-team-security@^1.0.0":
  version "1.0.0"
  resolved "https://npm.tri-team.dev/tri-team-security/-/tri-team-security-1.0.0.tgz"
  integrity sha512-tri-team-security-encryption-advanced-rak-realm-modern-architecture-futuristic-features==